// !$*UTF8*$!
{
	archiveVersion = 1;
	classes = {
	};
	objectVersion = 46;
	objects = {

/* Begin PBXBuildFile section */
		866B09971DC9E1BA00CB69F8 /* Realm.framework in Frameworks */ = {isa = PBXBuildFile; fileRef = 866B09951DC9E1BA00CB69F8 /* Realm.framework */; };
		866B09981DC9E1BA00CB69F8 /* RealmSwift.framework in Frameworks */ = {isa = PBXBuildFile; fileRef = 866B09961DC9E1BA00CB69F8 /* RealmSwift.framework */; };
		866EB50E1DC099C500CDB515 /* PagingMenuController_1.swift in Sources */ = {isa = PBXBuildFile; fileRef = 866EB50D1DC099C500CDB515 /* PagingMenuController_1.swift */; };
		866EB5101DC099D000CDB515 /* PagingMenuController_2.swift in Sources */ = {isa = PBXBuildFile; fileRef = 866EB50F1DC099D000CDB515 /* PagingMenuController_2.swift */; };
		866EB5121DC099D900CDB515 /* PagingMenuController_3.swift in Sources */ = {isa = PBXBuildFile; fileRef = 866EB5111DC099D900CDB515 /* PagingMenuController_3.swift */; };
		86DF4EA91DC097B100059F88 /* AppDelegate.swift in Sources */ = {isa = PBXBuildFile; fileRef = 86DF4EA81DC097B100059F88 /* AppDelegate.swift */; };
		86DF4EAB1DC097B100059F88 /* ViewController.swift in Sources */ = {isa = PBXBuildFile; fileRef = 86DF4EAA1DC097B100059F88 /* ViewController.swift */; };
		86DF4EAE1DC097B100059F88 /* Main.storyboard in Resources */ = {isa = PBXBuildFile; fileRef = 86DF4EAC1DC097B100059F88 /* Main.storyboard */; };
		86DF4EB01DC097B100059F88 /* Assets.xcassets in Resources */ = {isa = PBXBuildFile; fileRef = 86DF4EAF1DC097B100059F88 /* Assets.xcassets */; };
		86DF4EB31DC097B100059F88 /* LaunchScreen.storyboard in Resources */ = {isa = PBXBuildFile; fileRef = 86DF4EB11DC097B100059F88 /* LaunchScreen.storyboard */; };
		9312018934DA39C38EF2B2F4 /* Pods_NewsApp.framework in Frameworks */ = {isa = PBXBuildFile; fileRef = 3EC4438FE91E993D4182324A /* Pods_NewsApp.framework */; };
/* End PBXBuildFile section */

/* Begin PBXFileReference section */
		3EC4438FE91E993D4182324A /* Pods_NewsApp.framework */ = {isa = PBXFileReference; explicitFileType = wrapper.framework; includeInIndex = 0; path = Pods_NewsApp.framework; sourceTree = BUILT_PRODUCTS_DIR; };
		863B71031DC1E60500011177 /* Alamofire.framework */ = {isa = PBXFileReference; lastKnownFileType = wrapper.framework; name = Alamofire.framework; path = "../../../Library/Developer/Xcode/DerivedData/NewsApp-abihxjayqjwhuecvfyjwdsnskteo/Build/Products/Debug-iphonesimulator/Alamofire/Alamofire.framework"; sourceTree = "<group>"; };
		866B09951DC9E1BA00CB69F8 /* Realm.framework */ = {isa = PBXFileReference; lastKnownFileType = wrapper.framework; name = Realm.framework; path = "Pods/../build/Debug-iphoneos/Realm/Realm.framework"; sourceTree = "<group>"; };
		866B09961DC9E1BA00CB69F8 /* RealmSwift.framework */ = {isa = PBXFileReference; lastKnownFileType = wrapper.framework; name = RealmSwift.framework; path = "Pods/../build/Debug-iphoneos/RealmSwift/RealmSwift.framework"; sourceTree = "<group>"; };
		866EB50D1DC099C500CDB515 /* PagingMenuController_1.swift */ = {isa = PBXFileReference; fileEncoding = 4; lastKnownFileType = sourcecode.swift; path = PagingMenuController_1.swift; sourceTree = "<group>"; };
		866EB50F1DC099D000CDB515 /* PagingMenuController_2.swift */ = {isa = PBXFileReference; fileEncoding = 4; lastKnownFileType = sourcecode.swift; path = PagingMenuController_2.swift; sourceTree = "<group>"; };
		866EB5111DC099D900CDB515 /* PagingMenuController_3.swift */ = {isa = PBXFileReference; fileEncoding = 4; lastKnownFileType = sourcecode.swift; path = PagingMenuController_3.swift; sourceTree = "<group>"; };
		86DF4EA51DC097B100059F88 /* NewsApp.app */ = {isa = PBXFileReference; explicitFileType = wrapper.application; includeInIndex = 0; path = NewsApp.app; sourceTree = BUILT_PRODUCTS_DIR; };
		86DF4EA81DC097B100059F88 /* AppDelegate.swift */ = {isa = PBXFileReference; lastKnownFileType = sourcecode.swift; path = AppDelegate.swift; sourceTree = "<group>"; };
		86DF4EAA1DC097B100059F88 /* ViewController.swift */ = {isa = PBXFileReference; lastKnownFileType = sourcecode.swift; path = ViewController.swift; sourceTree = "<group>"; };
		86DF4EAD1DC097B100059F88 /* Base */ = {isa = PBXFileReference; lastKnownFileType = file.storyboard; name = Base; path = Base.lproj/Main.storyboard; sourceTree = "<group>"; };
		86DF4EAF1DC097B100059F88 /* Assets.xcassets */ = {isa = PBXFileReference; lastKnownFileType = folder.assetcatalog; path = Assets.xcassets; sourceTree = "<group>"; };
		86DF4EB21DC097B100059F88 /* Base */ = {isa = PBXFileReference; lastKnownFileType = file.storyboard; name = Base; path = Base.lproj/LaunchScreen.storyboard; sourceTree = "<group>"; };
		86DF4EB41DC097B100059F88 /* Info.plist */ = {isa = PBXFileReference; lastKnownFileType = text.plist.xml; path = Info.plist; sourceTree = "<group>"; };
		E2DD95FF3BC162CE0D9C9A73 /* Pods-NewsApp.release.xcconfig */ = {isa = PBXFileReference; includeInIndex = 1; lastKnownFileType = text.xcconfig; name = "Pods-NewsApp.release.xcconfig"; path = "Pods/Target Support Files/Pods-NewsApp/Pods-NewsApp.release.xcconfig"; sourceTree = "<group>"; };
		EEDEDD1FDE68A76FAEB8261C /* Pods-NewsApp.debug.xcconfig */ = {isa = PBXFileReference; includeInIndex = 1; lastKnownFileType = text.xcconfig; name = "Pods-NewsApp.debug.xcconfig"; path = "Pods/Target Support Files/Pods-NewsApp/Pods-NewsApp.debug.xcconfig"; sourceTree = "<group>"; };
/* End PBXFileReference section */

/* Begin PBXFrameworksBuildPhase section */
		86DF4EA21DC097B100059F88 /* Frameworks */ = {
			isa = PBXFrameworksBuildPhase;
			buildActionMask = 2147483647;
			files = (
				866B09971DC9E1BA00CB69F8 /* Realm.framework in Frameworks */,
				866B09981DC9E1BA00CB69F8 /* RealmSwift.framework in Frameworks */,
				9312018934DA39C38EF2B2F4 /* Pods_NewsApp.framework in Frameworks */,
			);
			runOnlyForDeploymentPostprocessing = 0;
		};
/* End PBXFrameworksBuildPhase section */

/* Begin PBXGroup section */
		7D9C055B7F9E7373F06445C9 /* Frameworks */ = {
			isa = PBXGroup;
			children = (
				866B09951DC9E1BA00CB69F8 /* Realm.framework */,
				866B09961DC9E1BA00CB69F8 /* RealmSwift.framework */,
				863B71031DC1E60500011177 /* Alamofire.framework */,
				3EC4438FE91E993D4182324A /* Pods_NewsApp.framework */,
			);
			name = Frameworks;
			sourceTree = "<group>";
		};
		86DF4E9C1DC097B100059F88 = {
			isa = PBXGroup;
			children = (
				86DF4EA71DC097B100059F88 /* NewsApp */,
				86DF4EA61DC097B100059F88 /* Products */,
				D1D3EB77B9478BAF5AFF00BB /* Pods */,
				7D9C055B7F9E7373F06445C9 /* Frameworks */,
			);
			sourceTree = "<group>";
		};
		86DF4EA61DC097B100059F88 /* Products */ = {
			isa = PBXGroup;
			children = (
				86DF4EA51DC097B100059F88 /* NewsApp.app */,
			);
			name = Products;
			sourceTree = "<group>";
		};
		86DF4EA71DC097B100059F88 /* NewsApp */ = {
			isa = PBXGroup;
			children = (
				86DF4EA81DC097B100059F88 /* AppDelegate.swift */,
				86DF4EAA1DC097B100059F88 /* ViewController.swift */,
				86DF4EAC1DC097B100059F88 /* Main.storyboard */,
				86DF4EAF1DC097B100059F88 /* Assets.xcassets */,
				86DF4EB11DC097B100059F88 /* LaunchScreen.storyboard */,
				86DF4EB41DC097B100059F88 /* Info.plist */,
				866EB50D1DC099C500CDB515 /* PagingMenuController_1.swift */,
				866EB50F1DC099D000CDB515 /* PagingMenuController_2.swift */,
				866EB5111DC099D900CDB515 /* PagingMenuController_3.swift */,
			);
			path = NewsApp;
			sourceTree = "<group>";
		};
		D1D3EB77B9478BAF5AFF00BB /* Pods */ = {
			isa = PBXGroup;
			children = (
				EEDEDD1FDE68A76FAEB8261C /* Pods-NewsApp.debug.xcconfig */,
				E2DD95FF3BC162CE0D9C9A73 /* Pods-NewsApp.release.xcconfig */,
			);
			name = Pods;
			sourceTree = "<group>";
		};
/* End PBXGroup section */

/* Begin PBXNativeTarget section */
		86DF4EA41DC097B100059F88 /* NewsApp */ = {
			isa = PBXNativeTarget;
			buildConfigurationList = 86DF4EB71DC097B100059F88 /* Build configuration list for PBXNativeTarget "NewsApp" */;
			buildPhases = (
				6EDC84E82A239C6DE3185063 /* [CP] Check Pods Manifest.lock */,
				86DF4EA11DC097B100059F88 /* Sources */,
				86DF4EA21DC097B100059F88 /* Frameworks */,
				86DF4EA31DC097B100059F88 /* Resources */,
				0164018C64E18259B17730B4 /* [CP] Embed Pods Frameworks */,
				51AE83A114B40FCFE3075930 /* [CP] Copy Pods Resources */,
			);
			buildRules = (
			);
			dependencies = (
			);
			name = NewsApp;
			productName = NewsApp;
			productReference = 86DF4EA51DC097B100059F88 /* NewsApp.app */;
			productType = "com.apple.product-type.application";
		};
/* End PBXNativeTarget section */

/* Begin PBXProject section */
		86DF4E9D1DC097B100059F88 /* Project object */ = {
			isa = PBXProject;
			attributes = {
				LastSwiftUpdateCheck = 0800;
				LastUpgradeCheck = 0800;
				ORGANIZATIONNAME = "Takuya Tsuruda";
				TargetAttributes = {
					86DF4EA41DC097B100059F88 = {
						CreatedOnToolsVersion = 8.0;
						ProvisioningStyle = Automatic;
					};
				};
			};
			buildConfigurationList = 86DF4EA01DC097B100059F88 /* Build configuration list for PBXProject "NewsApp" */;
			compatibilityVersion = "Xcode 3.2";
			developmentRegion = English;
			hasScannedForEncodings = 0;
			knownRegions = (
				en,
				Base,
			);
			mainGroup = 86DF4E9C1DC097B100059F88;
			productRefGroup = 86DF4EA61DC097B100059F88 /* Products */;
			projectDirPath = "";
			projectRoot = "";
			targets = (
				86DF4EA41DC097B100059F88 /* NewsApp */,
			);
		};
/* End PBXProject section */

/* Begin PBXResourcesBuildPhase section */
		86DF4EA31DC097B100059F88 /* Resources */ = {
			isa = PBXResourcesBuildPhase;
			buildActionMask = 2147483647;
			files = (
				86DF4EB31DC097B100059F88 /* LaunchScreen.storyboard in Resources */,
				86DF4EB01DC097B100059F88 /* Assets.xcassets in Resources */,
				86DF4EAE1DC097B100059F88 /* Main.storyboard in Resources */,
			);
			runOnlyForDeploymentPostprocessing = 0;
		};
/* End PBXResourcesBuildPhase section */

/* Begin PBXShellScriptBuildPhase section */
		0164018C64E18259B17730B4 /* [CP] Embed Pods Frameworks */ = {
			isa = PBXShellScriptBuildPhase;
			buildActionMask = 2147483647;
			files = (
			);
			inputPaths = (
			);
			name = "[CP] Embed Pods Frameworks";
			outputPaths = (
			);
			runOnlyForDeploymentPostprocessing = 0;
			shellPath = /bin/sh;
			shellScript = "\"${SRCROOT}/Pods/Target Support Files/Pods-NewsApp/Pods-NewsApp-frameworks.sh\"\n";
			showEnvVarsInLog = 0;
		};
		51AE83A114B40FCFE3075930 /* [CP] Copy Pods Resources */ = {
			isa = PBXShellScriptBuildPhase;
			buildActionMask = 2147483647;
			files = (
			);
			inputPaths = (
			);
			name = "[CP] Copy Pods Resources";
			outputPaths = (
			);
			runOnlyForDeploymentPostprocessing = 0;
			shellPath = /bin/sh;
			shellScript = "\"${SRCROOT}/Pods/Target Support Files/Pods-NewsApp/Pods-NewsApp-resources.sh\"\n";
			showEnvVarsInLog = 0;
		};
		6EDC84E82A239C6DE3185063 /* [CP] Check Pods Manifest.lock */ = {
			isa = PBXShellScriptBuildPhase;
			buildActionMask = 2147483647;
			files = (
			);
			inputPaths = (
			);
			name = "[CP] Check Pods Manifest.lock";
			outputPaths = (
			);
			runOnlyForDeploymentPostprocessing = 0;
			shellPath = /bin/sh;
			shellScript = "diff \"${PODS_ROOT}/../Podfile.lock\" \"${PODS_ROOT}/Manifest.lock\" > /dev/null\nif [ $? != 0 ] ; then\n    # print error to STDERR\n    echo \"error: The sandbox is not in sync with the Podfile.lock. Run 'pod install' or update your CocoaPods installation.\" >&2\n    exit 1\nfi\n";
			showEnvVarsInLog = 0;
		};
/* End PBXShellScriptBuildPhase section */

/* Begin PBXSourcesBuildPhase section */
		86DF4EA11DC097B100059F88 /* Sources */ = {
			isa = PBXSourcesBuildPhase;
			buildActionMask = 2147483647;
			files = (
				866EB50E1DC099C500CDB515 /* PagingMenuController_1.swift in Sources */,
				86DF4EAB1DC097B100059F88 /* ViewController.swift in Sources */,
				86DF4EA91DC097B100059F88 /* AppDelegate.swift in Sources */,
				866EB5101DC099D000CDB515 /* PagingMenuController_2.swift in Sources */,
				866EB5121DC099D900CDB515 /* PagingMenuController_3.swift in Sources */,
			);
			runOnlyForDeploymentPostprocessing = 0;
		};
/* End PBXSourcesBuildPhase section */

/* Begin PBXVariantGroup section */
		86DF4EAC1DC097B100059F88 /* Main.storyboard */ = {
			isa = PBXVariantGroup;
			children = (
				86DF4EAD1DC097B100059F88 /* Base */,
			);
			name = Main.storyboard;
			sourceTree = "<group>";
		};
		86DF4EB11DC097B100059F88 /* LaunchScreen.storyboard */ = {
			isa = PBXVariantGroup;
			children = (
				86DF4EB21DC097B100059F88 /* Base */,
			);
			name = LaunchScreen.storyboard;
			sourceTree = "<group>";
		};
/* End PBXVariantGroup section */

/* Begin XCBuildConfiguration section */
		86DF4EB51DC097B100059F88 /* Debug */ = {
			isa = XCBuildConfiguration;
			buildSettings = {
				ALWAYS_SEARCH_USER_PATHS = NO;
				CLANG_ANALYZER_NONNULL = YES;
				CLANG_CXX_LANGUAGE_STANDARD = "gnu++0x";
				CLANG_CXX_LIBRARY = "libc++";
				CLANG_ENABLE_MODULES = YES;
				CLANG_ENABLE_OBJC_ARC = YES;
				CLANG_WARN_BOOL_CONVERSION = YES;
				CLANG_WARN_CONSTANT_CONVERSION = YES;
				CLANG_WARN_DIRECT_OBJC_ISA_USAGE = YES_ERROR;
				CLANG_WARN_DOCUMENTATION_COMMENTS = YES;
				CLANG_WARN_EMPTY_BODY = YES;
				CLANG_WARN_ENUM_CONVERSION = YES;
				CLANG_WARN_INFINITE_RECURSION = YES;
				CLANG_WARN_INT_CONVERSION = YES;
				CLANG_WARN_OBJC_ROOT_CLASS = YES_ERROR;
				CLANG_WARN_SUSPICIOUS_MOVES = YES;
				CLANG_WARN_UNREACHABLE_CODE = YES;
				CLANG_WARN__DUPLICATE_METHOD_MATCH = YES;
				"CODE_SIGN_IDENTITY[sdk=iphoneos*]" = "iPhone Developer";
				COPY_PHASE_STRIP = NO;
				DEBUG_INFORMATION_FORMAT = dwarf;
				ENABLE_STRICT_OBJC_MSGSEND = YES;
				ENABLE_TESTABILITY = YES;
				GCC_C_LANGUAGE_STANDARD = gnu99;
				GCC_DYNAMIC_NO_PIC = NO;
				GCC_NO_COMMON_BLOCKS = YES;
				GCC_OPTIMIZATION_LEVEL = 0;
				GCC_PREPROCESSOR_DEFINITIONS = (
					"DEBUG=1",
					"$(inherited)",
				);
				GCC_WARN_64_TO_32_BIT_CONVERSION = YES;
				GCC_WARN_ABOUT_RETURN_TYPE = YES_ERROR;
				GCC_WARN_UNDECLARED_SELECTOR = YES;
				GCC_WARN_UNINITIALIZED_AUTOS = YES_AGGRESSIVE;
				GCC_WARN_UNUSED_FUNCTION = YES;
				GCC_WARN_UNUSED_VARIABLE = YES;
				IPHONEOS_DEPLOYMENT_TARGET = 10.0;
				MTL_ENABLE_DEBUG_INFO = YES;
				ONLY_ACTIVE_ARCH = YES;
				SDKROOT = iphoneos;
				SWIFT_ACTIVE_COMPILATION_CONDITIONS = DEBUG;
				SWIFT_OPTIMIZATION_LEVEL = "-Onone";
			};
			name = Debug;
		};
		86DF4EB61DC097B100059F88 /* Release */ = {
			isa = XCBuildConfiguration;
			buildSettings = {
				ALWAYS_SEARCH_USER_PATHS = NO;
				CLANG_ANALYZER_NONNULL = YES;
				CLANG_CXX_LANGUAGE_STANDARD = "gnu++0x";
				CLANG_CXX_LIBRARY = "libc++";
				CLANG_ENABLE_MODULES = YES;
				CLANG_ENABLE_OBJC_ARC = YES;
				CLANG_WARN_BOOL_CONVERSION = YES;
				CLANG_WARN_CONSTANT_CONVERSION = YES;
				CLANG_WARN_DIRECT_OBJC_ISA_USAGE = YES_ERROR;
				CLANG_WARN_DOCUMENTATION_COMMENTS = YES;
				CLANG_WARN_EMPTY_BODY = YES;
				CLANG_WARN_ENUM_CONVERSION = YES;
				CLANG_WARN_INFINITE_RECURSION = YES;
				CLANG_WARN_INT_CONVERSION = YES;
				CLANG_WARN_OBJC_ROOT_CLASS = YES_ERROR;
				CLANG_WARN_SUSPICIOUS_MOVES = YES;
				CLANG_WARN_UNREACHABLE_CODE = YES;
				CLANG_WARN__DUPLICATE_METHOD_MATCH = YES;
				"CODE_SIGN_IDENTITY[sdk=iphoneos*]" = "iPhone Developer";
				COPY_PHASE_STRIP = NO;
				DEBUG_INFORMATION_FORMAT = "dwarf-with-dsym";
				ENABLE_NS_ASSERTIONS = NO;
				ENABLE_STRICT_OBJC_MSGSEND = YES;
				GCC_C_LANGUAGE_STANDARD = gnu99;
				GCC_NO_COMMON_BLOCKS = YES;
				GCC_WARN_64_TO_32_BIT_CONVERSION = YES;
				GCC_WARN_ABOUT_RETURN_TYPE = YES_ERROR;
				GCC_WARN_UNDECLARED_SELECTOR = YES;
				GCC_WARN_UNINITIALIZED_AUTOS = YES_AGGRESSIVE;
				GCC_WARN_UNUSED_FUNCTION = YES;
				GCC_WARN_UNUSED_VARIABLE = YES;
				IPHONEOS_DEPLOYMENT_TARGET = 10.0;
				MTL_ENABLE_DEBUG_INFO = NO;
				SDKROOT = iphoneos;
				SWIFT_OPTIMIZATION_LEVEL = "-Owholemodule";
				VALIDATE_PRODUCT = YES;
			};
			name = Release;
		};
		86DF4EB81DC097B100059F88 /* Debug */ = {
			isa = XCBuildConfiguration;
			baseConfigurationReference = EEDEDD1FDE68A76FAEB8261C /* Pods-NewsApp.debug.xcconfig */;
			buildSettings = {
				ASSETCATALOG_COMPILER_APPICON_NAME = AppIcon;
				FRAMEWORK_SEARCH_PATHS = (
					"$(inherited)",
					"$(PROJECT_DIR)/build/Debug-iphoneos/Realm",
					"$(PROJECT_DIR)/build/Debug-iphoneos/RealmSwift",
				);
				INFOPLIST_FILE = NewsApp/Info.plist;
				LD_RUNPATH_SEARCH_PATHS = "$(inherited) @executable_path/Frameworks";
				PRODUCT_BUNDLE_IDENTIFIER = com.takuya.NewsApp;
				PRODUCT_NAME = "$(TARGET_NAME)";
				SWIFT_VERSION = 3.0;
			};
			name = Debug;
		};
		86DF4EB91DC097B100059F88 /* Release */ = {
			isa = XCBuildConfiguration;
			baseConfigurationReference = E2DD95FF3BC162CE0D9C9A73 /* Pods-NewsApp.release.xcconfig */;
			buildSettings = {
				ASSETCATALOG_COMPILER_APPICON_NAME = AppIcon;
				FRAMEWORK_SEARCH_PATHS = (
					"$(inherited)",
					"$(PROJECT_DIR)/build/Debug-iphoneos/Realm",
					"$(PROJECT_DIR)/build/Debug-iphoneos/RealmSwift",
				);
				INFOPLIST_FILE = NewsApp/Info.plist;
				LD_RUNPATH_SEARCH_PATHS = "$(inherited) @executable_path/Frameworks";
				PRODUCT_BUNDLE_IDENTIFIER = com.takuya.NewsApp;
				PRODUCT_NAME = "$(TARGET_NAME)";
				SWIFT_VERSION = 3.0;
			};
			name = Release;
		};
/* End XCBuildConfiguration section */

/* Begin XCConfigurationList section */
		86DF4EA01DC097B100059F88 /* Build configuration list for PBXProject "NewsApp" */ = {
			isa = XCConfigurationList;
			buildConfigurations = (
				86DF4EB51DC097B100059F88 /* Debug */,
				86DF4EB61DC097B100059F88 /* Release */,
			);
			defaultConfigurationIsVisible = 0;
			defaultConfigurationName = Release;
		};
		86DF4EB71DC097B100059F88 /* Build configuration list for PBXNativeTarget "NewsApp" */ = {
			isa = XCConfigurationList;
			buildConfigurations = (
				86DF4EB81DC097B100059F88 /* Debug */,
				86DF4EB91DC097B100059F88 /* Release */,
			);
			defaultConfigurationIsVisible = 0;
			defaultConfigurationName = Release;
		};
/* End XCConfigurationList section */
	};
	rootObject = 86DF4E9D1DC097B100059F88 /* Project object */;
}
